
Microsoft Visual Studio Solution File, Format Version 12.00
# Visual Studio Version 17
VisualStudioVersion = 17.2.32317.152
MinimumVisualStudioVersion = 10.0.40219.1
Project("{9A19103F-16F7-4668-BE54-9A1E7A4F7556}") = "CodeBreaker.Shared", "shared\CodeBreaker.Shared\CodeBreaker.Shared.csproj", "{531D324D-2DDD-401F-814D-921C2D5AAE5A}"
EndProject
Project("{9A19103F-16F7-4668-BE54-9A1E7A4F7556}") = "CodeBreaker.Blazor.Server", "CodeBreaker.Blazor\CodeBreaker.Blazor\Server\CodeBreaker.Blazor.Server.csproj", "{7AB7AFB7-B373-484E-819D-BEC4EF6384D0}"
EndProject
Project("{9A19103F-16F7-4668-BE54-9A1E7A4F7556}") = "CodeBreaker.Blazor.Client", "CodeBreaker.Blazor\CodeBreaker.Blazor\Client\CodeBreaker.Blazor.Client.csproj", "{374D3B75-118F-4CB1-98F1-917B133D711A}"
EndProject
Global
	GlobalSection(SolutionConfigurationPlatforms) = preSolution
		Debug|Any CPU = Debug|Any CPU
		Release|Any CPU = Release|Any CPU
	EndGlobalSection
	GlobalSection(ProjectConfigurationPlatforms) = postSolution
		{531D324D-2DDD-401F-814D-921C2D5AAE5A}.Debug|Any CPU.ActiveCfg = Debug|Any CPU
		{531D324D-2DDD-401F-814D-921C2D5AAE5A}.Debug|Any CPU.Build.0 = Debug|Any CPU
		{531D324D-2DDD-401F-814D-921C2D5AAE5A}.Release|Any CPU.ActiveCfg = Release|Any CPU
		{531D324D-2DDD-401F-814D-921C2D5AAE5A}.Release|Any CPU.Build.0 = Release|Any CPU
		{7AB7AFB7-B373-484E-819D-BEC4EF6384D0}.Debug|Any CPU.ActiveCfg = Debug|Any CPU
		{7AB7AFB7-B373-484E-819D-BEC4EF6384D0}.Debug|Any CPU.Build.0 = Debug|Any CPU
		{7AB7AFB7-B373-484E-819D-BEC4EF6384D0}.Release|Any CPU.ActiveCfg = Release|Any CPU
		{7AB7AFB7-B373-484E-819D-BEC4EF6384D0}.Release|Any CPU.Build.0 = Release|Any CPU
		{374D3B75-118F-4CB1-98F1-917B133D711A}.Debug|Any CPU.ActiveCfg = Debug|Any CPU
		{374D3B75-118F-4CB1-98F1-917B133D711A}.Debug|Any CPU.Build.0 = Debug|Any CPU
		{374D3B75-118F-4CB1-98F1-917B133D711A}.Release|Any CPU.ActiveCfg = Release|Any CPU
		{374D3B75-118F-4CB1-98F1-917B133D711A}.Release|Any CPU.Build.0 = Release|Any CPU
	EndGlobalSection
	GlobalSection(SolutionProperties) = preSolution
		HideSolutionNode = FALSE
	EndGlobalSection
	GlobalSection(ExtensibilityGlobals) = postSolution
		SolutionGuid = {AA48D431-E8B1-4BC0-948A-C7E9BB3C51B8}
	EndGlobalSection
EndGlobal
