
Microsoft Visual Studio Solution File, Format Version 12.00
# Visual Studio Version 17
VisualStudioVersion = 17.2.32422.2
MinimumVisualStudioVersion = 10.0.40219.1
Project("{9A19103F-16F7-4668-BE54-9A1E7A4F7556}") = "CodeBreaker.Blazor", "clients\blazor\CodeBreaker.Blazor\CodeBreaker.Blazor.csproj", "{AED349CD-FCB1-43A4-9254-796C093D2DEE}"
EndProject
Project("{9A19103F-16F7-4668-BE54-9A1E7A4F7556}") = "CodeBreaker.Shared", "shared\CodeBreaker.Shared\CodeBreaker.Shared.csproj", "{E0A0AF99-906A-4919-8AAD-282793AF92F8}"
EndProject
Project("{9A19103F-16F7-4668-BE54-9A1E7A4F7556}") = "CodeBreaker.UI.MudBlazor", "ui\blazor\CodeBreaker.UI.MudBlazor\CodeBreaker.UI.MudBlazor.csproj", "{F44C5543-8CCC-4B83-BEE7-EC2502B57737}"
EndProject
Project("{9A19103F-16F7-4668-BE54-9A1E7A4F7556}") = "CodeBreaker.UI.FastUI", "ui\blazor\CodeBreaker.UI.FastUI\CodeBreaker.UI.FastUI.csproj", "{AE2A6AAE-240A-4044-AA53-1ADE1815FAF6}"
EndProject
Project("{9A19103F-16F7-4668-BE54-9A1E7A4F7556}") = "CodeBreaker.UI.Shared", "ui\blazor\CodeBreaker.UI.Shared\CodeBreaker.UI.Shared.csproj", "{99BFD6A2-2DDD-4446-BCB2-9CEF108D7DD1}"
EndProject
Project("{FAE04EC0-301F-11D3-BF4B-00C04F79EFBC}") = "CodeBreaker.UI.PureCss", "ui\blazor\CodeBreaker.UI.PureCss\CodeBreaker.UI.PureCss.csproj", "{46B45049-9B7F-4DD5-B4D6-5EA8E398DAED}"
EndProject
Global
	GlobalSection(SolutionConfigurationPlatforms) = preSolution
		Debug|Any CPU = Debug|Any CPU
		FastUI|Any CPU = FastUI|Any CPU
		FastUIRelease|Any CPU = FastUIRelease|Any CPU
		PureCss|Any CPU = PureCss|Any CPU
		Release|Any CPU = Release|Any CPU
		ReleasePureCss|Any CPU = ReleasePureCss|Any CPU
	EndGlobalSection
	GlobalSection(ProjectConfigurationPlatforms) = postSolution
		{AED349CD-FCB1-43A4-9254-796C093D2DEE}.Debug|Any CPU.ActiveCfg = Debug|Any CPU
		{AED349CD-FCB1-43A4-9254-796C093D2DEE}.Debug|Any CPU.Build.0 = Debug|Any CPU
		{AED349CD-FCB1-43A4-9254-796C093D2DEE}.FastUI|Any CPU.ActiveCfg = FastUI|Any CPU
		{AED349CD-FCB1-43A4-9254-796C093D2DEE}.FastUI|Any CPU.Build.0 = FastUI|Any CPU
		{AED349CD-FCB1-43A4-9254-796C093D2DEE}.FastUIRelease|Any CPU.ActiveCfg = FastUIRelease|Any CPU
		{AED349CD-FCB1-43A4-9254-796C093D2DEE}.FastUIRelease|Any CPU.Build.0 = FastUIRelease|Any CPU
		{AED349CD-FCB1-43A4-9254-796C093D2DEE}.PureCss|Any CPU.ActiveCfg = PureCss|Any CPU
		{AED349CD-FCB1-43A4-9254-796C093D2DEE}.PureCss|Any CPU.Build.0 = PureCss|Any CPU
		{AED349CD-FCB1-43A4-9254-796C093D2DEE}.Release|Any CPU.ActiveCfg = Release|Any CPU
		{AED349CD-FCB1-43A4-9254-796C093D2DEE}.Release|Any CPU.Build.0 = Release|Any CPU
		{AED349CD-FCB1-43A4-9254-796C093D2DEE}.ReleasePureCss|Any CPU.ActiveCfg = ReleasePureCss|Any CPU
		{AED349CD-FCB1-43A4-9254-796C093D2DEE}.ReleasePureCss|Any CPU.Build.0 = ReleasePureCss|Any CPU
		{E0A0AF99-906A-4919-8AAD-282793AF92F8}.Debug|Any CPU.ActiveCfg = Debug|Any CPU
		{E0A0AF99-906A-4919-8AAD-282793AF92F8}.Debug|Any CPU.Build.0 = Debug|Any CPU
		{E0A0AF99-906A-4919-8AAD-282793AF92F8}.FastUI|Any CPU.ActiveCfg = FastUI|Any CPU
		{E0A0AF99-906A-4919-8AAD-282793AF92F8}.FastUI|Any CPU.Build.0 = FastUI|Any CPU
		{E0A0AF99-906A-4919-8AAD-282793AF92F8}.FastUIRelease|Any CPU.ActiveCfg = FastUIRelease|Any CPU
		{E0A0AF99-906A-4919-8AAD-282793AF92F8}.FastUIRelease|Any CPU.Build.0 = FastUIRelease|Any CPU
		{E0A0AF99-906A-4919-8AAD-282793AF92F8}.PureCss|Any CPU.ActiveCfg = PureCss|Any CPU
		{E0A0AF99-906A-4919-8AAD-282793AF92F8}.PureCss|Any CPU.Build.0 = PureCss|Any CPU
		{E0A0AF99-906A-4919-8AAD-282793AF92F8}.Release|Any CPU.ActiveCfg = Release|Any CPU
		{E0A0AF99-906A-4919-8AAD-282793AF92F8}.Release|Any CPU.Build.0 = Release|Any CPU
		{E0A0AF99-906A-4919-8AAD-282793AF92F8}.ReleasePureCss|Any CPU.ActiveCfg = ReleasePureCss|Any CPU
		{E0A0AF99-906A-4919-8AAD-282793AF92F8}.ReleasePureCss|Any CPU.Build.0 = ReleasePureCss|Any CPU
		{F44C5543-8CCC-4B83-BEE7-EC2502B57737}.Debug|Any CPU.ActiveCfg = Debug|Any CPU
		{F44C5543-8CCC-4B83-BEE7-EC2502B57737}.Debug|Any CPU.Build.0 = Debug|Any CPU
		{F44C5543-8CCC-4B83-BEE7-EC2502B57737}.FastUI|Any CPU.ActiveCfg = FastUI|Any CPU
		{F44C5543-8CCC-4B83-BEE7-EC2502B57737}.FastUI|Any CPU.Build.0 = FastUI|Any CPU
		{F44C5543-8CCC-4B83-BEE7-EC2502B57737}.FastUIRelease|Any CPU.ActiveCfg = Release|Any CPU
		{F44C5543-8CCC-4B83-BEE7-EC2502B57737}.FastUIRelease|Any CPU.Build.0 = Release|Any CPU
		{F44C5543-8CCC-4B83-BEE7-EC2502B57737}.PureCss|Any CPU.ActiveCfg = PureCss|Any CPU
		{F44C5543-8CCC-4B83-BEE7-EC2502B57737}.PureCss|Any CPU.Build.0 = PureCss|Any CPU
		{F44C5543-8CCC-4B83-BEE7-EC2502B57737}.Release|Any CPU.ActiveCfg = Release|Any CPU
		{F44C5543-8CCC-4B83-BEE7-EC2502B57737}.Release|Any CPU.Build.0 = Release|Any CPU
		{F44C5543-8CCC-4B83-BEE7-EC2502B57737}.ReleasePureCss|Any CPU.ActiveCfg = PureCss|Any CPU
		{F44C5543-8CCC-4B83-BEE7-EC2502B57737}.ReleasePureCss|Any CPU.Build.0 = PureCss|Any CPU
		{AE2A6AAE-240A-4044-AA53-1ADE1815FAF6}.Debug|Any CPU.ActiveCfg = Debug|Any CPU
		{AE2A6AAE-240A-4044-AA53-1ADE1815FAF6}.Debug|Any CPU.Build.0 = Debug|Any CPU
		{AE2A6AAE-240A-4044-AA53-1ADE1815FAF6}.FastUI|Any CPU.ActiveCfg = FastUI|Any CPU
		{AE2A6AAE-240A-4044-AA53-1ADE1815FAF6}.FastUI|Any CPU.Build.0 = FastUI|Any CPU
		{AE2A6AAE-240A-4044-AA53-1ADE1815FAF6}.FastUIRelease|Any CPU.ActiveCfg = Release|Any CPU
		{AE2A6AAE-240A-4044-AA53-1ADE1815FAF6}.FastUIRelease|Any CPU.Build.0 = Release|Any CPU
		{AE2A6AAE-240A-4044-AA53-1ADE1815FAF6}.PureCss|Any CPU.ActiveCfg = PureCss|Any CPU
		{AE2A6AAE-240A-4044-AA53-1ADE1815FAF6}.PureCss|Any CPU.Build.0 = PureCss|Any CPU
		{AE2A6AAE-240A-4044-AA53-1ADE1815FAF6}.Release|Any CPU.ActiveCfg = Release|Any CPU
		{AE2A6AAE-240A-4044-AA53-1ADE1815FAF6}.Release|Any CPU.Build.0 = Release|Any CPU
		{AE2A6AAE-240A-4044-AA53-1ADE1815FAF6}.ReleasePureCss|Any CPU.ActiveCfg = PureCss|Any CPU
		{AE2A6AAE-240A-4044-AA53-1ADE1815FAF6}.ReleasePureCss|Any CPU.Build.0 = PureCss|Any CPU
		{99BFD6A2-2DDD-4446-BCB2-9CEF108D7DD1}.Debug|Any CPU.ActiveCfg = Debug|Any CPU
		{99BFD6A2-2DDD-4446-BCB2-9CEF108D7DD1}.Debug|Any CPU.Build.0 = Debug|Any CPU
		{99BFD6A2-2DDD-4446-BCB2-9CEF108D7DD1}.FastUI|Any CPU.ActiveCfg = Debug|Any CPU
		{99BFD6A2-2DDD-4446-BCB2-9CEF108D7DD1}.FastUI|Any CPU.Build.0 = Debug|Any CPU
		{99BFD6A2-2DDD-4446-BCB2-9CEF108D7DD1}.FastUIRelease|Any CPU.ActiveCfg = Release|Any CPU
		{99BFD6A2-2DDD-4446-BCB2-9CEF108D7DD1}.FastUIRelease|Any CPU.Build.0 = Release|Any CPU
		{99BFD6A2-2DDD-4446-BCB2-9CEF108D7DD1}.PureCss|Any CPU.ActiveCfg = PureCss|Any CPU
		{99BFD6A2-2DDD-4446-BCB2-9CEF108D7DD1}.PureCss|Any CPU.Build.0 = PureCss|Any CPU
		{99BFD6A2-2DDD-4446-BCB2-9CEF108D7DD1}.Release|Any CPU.ActiveCfg = Release|Any CPU
		{99BFD6A2-2DDD-4446-BCB2-9CEF108D7DD1}.Release|Any CPU.Build.0 = Release|Any CPU
		{99BFD6A2-2DDD-4446-BCB2-9CEF108D7DD1}.ReleasePureCss|Any CPU.ActiveCfg = PureCss|Any CPU
		{99BFD6A2-2DDD-4446-BCB2-9CEF108D7DD1}.ReleasePureCss|Any CPU.Build.0 = PureCss|Any CPU
		{46B45049-9B7F-4DD5-B4D6-5EA8E398DAED}.Debug|Any CPU.ActiveCfg = Debug|Any CPU
		{46B45049-9B7F-4DD5-B4D6-5EA8E398DAED}.Debug|Any CPU.Build.0 = Debug|Any CPU
		{46B45049-9B7F-4DD5-B4D6-5EA8E398DAED}.FastUI|Any CPU.ActiveCfg = Debug|Any CPU
		{46B45049-9B7F-4DD5-B4D6-5EA8E398DAED}.FastUI|Any CPU.Build.0 = Debug|Any CPU
		{46B45049-9B7F-4DD5-B4D6-5EA8E398DAED}.FastUIRelease|Any CPU.ActiveCfg = Release|Any CPU
		{46B45049-9B7F-4DD5-B4D6-5EA8E398DAED}.FastUIRelease|Any CPU.Build.0 = Release|Any CPU
		{46B45049-9B7F-4DD5-B4D6-5EA8E398DAED}.PureCss|Any CPU.ActiveCfg = PureCss|Any CPU
		{46B45049-9B7F-4DD5-B4D6-5EA8E398DAED}.PureCss|Any CPU.Build.0 = PureCss|Any CPU
		{46B45049-9B7F-4DD5-B4D6-5EA8E398DAED}.Release|Any CPU.ActiveCfg = Release|Any CPU
		{46B45049-9B7F-4DD5-B4D6-5EA8E398DAED}.Release|Any CPU.Build.0 = Release|Any CPU
		{46B45049-9B7F-4DD5-B4D6-5EA8E398DAED}.ReleasePureCss|Any CPU.ActiveCfg = PureCss|Any CPU
		{46B45049-9B7F-4DD5-B4D6-5EA8E398DAED}.ReleasePureCss|Any CPU.Build.0 = PureCss|Any CPU
	EndGlobalSection
	GlobalSection(SolutionProperties) = preSolution
		HideSolutionNode = FALSE
	EndGlobalSection
	GlobalSection(ExtensibilityGlobals) = postSolution
		SolutionGuid = {1E1A972A-5905-4B4C-8B9A-EE798C00F18B}
	EndGlobalSection
EndGlobal
